// !$*UTF8*$!
{
	archiveVersion = 1;
	classes = {
	};
	objectVersion = 56;
	objects = {

/* Begin PBXBuildFile section */
		61AFBB112BEF08DD00ECCF95 /* Car.swift in Sources */ = {isa = PBXBuildFile; fileRef = 61AFBB102BEF08DD00ECCF95 /* Car.swift */; };
		61AFBB132BEF08F800ECCF95 /* Brand.swift in Sources */ = {isa = PBXBuildFile; fileRef = 61AFBB122BEF08F800ECCF95 /* Brand.swift */; };
		844E2F3B2BEF3C6700FE2C70 /* NavigationModifier.swift in Sources */ = {isa = PBXBuildFile; fileRef = 844E2F3A2BEF3C6700FE2C70 /* NavigationModifier.swift */; };
		844E2F3D2BEF498500FE2C70 /* MainPageViewModel.swift in Sources */ = {isa = PBXBuildFile; fileRef = 844E2F3C2BEF498500FE2C70 /* MainPageViewModel.swift */; };
		844E2F3F2BEF637F00FE2C70 /* BrandsView.swift in Sources */ = {isa = PBXBuildFile; fileRef = 844E2F3E2BEF637F00FE2C70 /* BrandsView.swift */; };
		848D46242BF078EF00052452 /* BrandsCarView.swift in Sources */ = {isa = PBXBuildFile; fileRef = 848D46232BF078EF00052452 /* BrandsCarView.swift */; };
		848D46262BF0921B00052452 /* CarDetailedView.swift in Sources */ = {isa = PBXBuildFile; fileRef = 848D46252BF0921B00052452 /* CarDetailedView.swift */; };
		848D462A2BF09B8100052452 /* CarListView.swift in Sources */ = {isa = PBXBuildFile; fileRef = 848D46292BF09B8100052452 /* CarListView.swift */; };
		84BE5AF22BEE200A00A8864C /* IOS_Assignment_3App.swift in Sources */ = {isa = PBXBuildFile; fileRef = 84BE5AF12BEE200A00A8864C /* IOS_Assignment_3App.swift */; };
		84BE5AF42BEE200A00A8864C /* ContentView.swift in Sources */ = {isa = PBXBuildFile; fileRef = 84BE5AF32BEE200A00A8864C /* ContentView.swift */; };
		84BE5AF62BEE200C00A8864C /* Assets.xcassets in Resources */ = {isa = PBXBuildFile; fileRef = 84BE5AF52BEE200C00A8864C /* Assets.xcassets */; };
		84BE5AF92BEE200C00A8864C /* Preview Assets.xcassets in Resources */ = {isa = PBXBuildFile; fileRef = 84BE5AF82BEE200C00A8864C /* Preview Assets.xcassets */; };
		84BE5B032BEE200D00A8864C /* IOS_Assignment_3Tests.swift in Sources */ = {isa = PBXBuildFile; fileRef = 84BE5B022BEE200D00A8864C /* IOS_Assignment_3Tests.swift */; };
		84BE5B0D2BEE200D00A8864C /* IOS_Assignment_3UITests.swift in Sources */ = {isa = PBXBuildFile; fileRef = 84BE5B0C2BEE200D00A8864C /* IOS_Assignment_3UITests.swift */; };
		84BE5B0F2BEE200D00A8864C /* IOS_Assignment_3UITestsLaunchTests.swift in Sources */ = {isa = PBXBuildFile; fileRef = 84BE5B0E2BEE200D00A8864C /* IOS_Assignment_3UITestsLaunchTests.swift */; };
		84BE5B222BEF1F6900A8864C /* MainBarView.swift in Sources */ = {isa = PBXBuildFile; fileRef = 84BE5B212BEF1F6900A8864C /* MainBarView.swift */; };
		84BE5B242BEF1F9100A8864C /* MainPageView.swift in Sources */ = {isa = PBXBuildFile; fileRef = 84BE5B232BEF1F9100A8864C /* MainPageView.swift */; };
/* End PBXBuildFile section */

/* Begin PBXContainerItemProxy section */
		84BE5AFF2BEE200D00A8864C /* PBXContainerItemProxy */ = {
			isa = PBXContainerItemProxy;
			containerPortal = 84BE5AE62BEE200A00A8864C /* Project object */;
			proxyType = 1;
			remoteGlobalIDString = 84BE5AED2BEE200A00A8864C;
			remoteInfo = "IOS Assignment 3";
		};
		84BE5B092BEE200D00A8864C /* PBXContainerItemProxy */ = {
			isa = PBXContainerItemProxy;
			containerPortal = 84BE5AE62BEE200A00A8864C /* Project object */;
			proxyType = 1;
			remoteGlobalIDString = 84BE5AED2BEE200A00A8864C;
			remoteInfo = "IOS Assignment 3";
		};
/* End PBXContainerItemProxy section */

/* Begin PBXFileReference section */
		61AFBB102BEF08DD00ECCF95 /* Car.swift */ = {isa = PBXFileReference; lastKnownFileType = sourcecode.swift; path = Car.swift; sourceTree = "<group>"; };
		61AFBB122BEF08F800ECCF95 /* Brand.swift */ = {isa = PBXFileReference; lastKnownFileType = sourcecode.swift; path = Brand.swift; sourceTree = "<group>"; };
		844E2F3A2BEF3C6700FE2C70 /* NavigationModifier.swift */ = {isa = PBXFileReference; lastKnownFileType = sourcecode.swift; path = NavigationModifier.swift; sourceTree = "<group>"; };
		844E2F3C2BEF498500FE2C70 /* MainPageViewModel.swift */ = {isa = PBXFileReference; lastKnownFileType = sourcecode.swift; path = MainPageViewModel.swift; sourceTree = "<group>"; };
		844E2F3E2BEF637F00FE2C70 /* BrandsView.swift */ = {isa = PBXFileReference; lastKnownFileType = sourcecode.swift; path = BrandsView.swift; sourceTree = "<group>"; };
		848D46232BF078EF00052452 /* BrandsCarView.swift */ = {isa = PBXFileReference; lastKnownFileType = sourcecode.swift; path = BrandsCarView.swift; sourceTree = "<group>"; };
		848D46252BF0921B00052452 /* CarDetailedView.swift */ = {isa = PBXFileReference; lastKnownFileType = sourcecode.swift; path = CarDetailedView.swift; sourceTree = "<group>"; };
		848D46292BF09B8100052452 /* CarListView.swift */ = {isa = PBXFileReference; lastKnownFileType = sourcecode.swift; path = CarListView.swift; sourceTree = "<group>"; };
		84BE5AEE2BEE200A00A8864C /* IOS Assignment 3.app */ = {isa = PBXFileReference; explicitFileType = wrapper.application; includeInIndex = 0; path = "IOS Assignment 3.app"; sourceTree = BUILT_PRODUCTS_DIR; };
		84BE5AF12BEE200A00A8864C /* IOS_Assignment_3App.swift */ = {isa = PBXFileReference; lastKnownFileType = sourcecode.swift; path = IOS_Assignment_3App.swift; sourceTree = "<group>"; };
		84BE5AF32BEE200A00A8864C /* ContentView.swift */ = {isa = PBXFileReference; lastKnownFileType = sourcecode.swift; path = ContentView.swift; sourceTree = "<group>"; };
		84BE5AF52BEE200C00A8864C /* Assets.xcassets */ = {isa = PBXFileReference; lastKnownFileType = folder.assetcatalog; path = Assets.xcassets; sourceTree = "<group>"; };
		84BE5AF82BEE200C00A8864C /* Preview Assets.xcassets */ = {isa = PBXFileReference; lastKnownFileType = folder.assetcatalog; path = "Preview Assets.xcassets"; sourceTree = "<group>"; };
		84BE5AFE2BEE200D00A8864C /* IOS Assignment 3Tests.xctest */ = {isa = PBXFileReference; explicitFileType = wrapper.cfbundle; includeInIndex = 0; path = "IOS Assignment 3Tests.xctest"; sourceTree = BUILT_PRODUCTS_DIR; };
		84BE5B022BEE200D00A8864C /* IOS_Assignment_3Tests.swift */ = {isa = PBXFileReference; lastKnownFileType = sourcecode.swift; path = IOS_Assignment_3Tests.swift; sourceTree = "<group>"; };
		84BE5B082BEE200D00A8864C /* IOS Assignment 3UITests.xctest */ = {isa = PBXFileReference; explicitFileType = wrapper.cfbundle; includeInIndex = 0; path = "IOS Assignment 3UITests.xctest"; sourceTree = BUILT_PRODUCTS_DIR; };
		84BE5B0C2BEE200D00A8864C /* IOS_Assignment_3UITests.swift */ = {isa = PBXFileReference; lastKnownFileType = sourcecode.swift; path = IOS_Assignment_3UITests.swift; sourceTree = "<group>"; };
		84BE5B0E2BEE200D00A8864C /* IOS_Assignment_3UITestsLaunchTests.swift */ = {isa = PBXFileReference; lastKnownFileType = sourcecode.swift; path = IOS_Assignment_3UITestsLaunchTests.swift; sourceTree = "<group>"; };
		84BE5B212BEF1F6900A8864C /* MainBarView.swift */ = {isa = PBXFileReference; fileEncoding = 4; lastKnownFileType = sourcecode.swift; name = MainBarView.swift; path = "IOS Assignment 3/MainBarView.swift"; sourceTree = SOURCE_ROOT; };
		84BE5B232BEF1F9100A8864C /* MainPageView.swift */ = {isa = PBXFileReference; fileEncoding = 4; lastKnownFileType = sourcecode.swift; name = MainPageView.swift; path = "IOS Assignment 3/MainPageView.swift"; sourceTree = SOURCE_ROOT; };
/* End PBXFileReference section */

/* Begin PBXFrameworksBuildPhase section */
		84BE5AEB2BEE200A00A8864C /* Frameworks */ = {
			isa = PBXFrameworksBuildPhase;
			buildActionMask = 2147483647;
			files = (
			);
			runOnlyForDeploymentPostprocessing = 0;
		};
		84BE5AFB2BEE200D00A8864C /* Frameworks */ = {
			isa = PBXFrameworksBuildPhase;
			buildActionMask = 2147483647;
			files = (
			);
			runOnlyForDeploymentPostprocessing = 0;
		};
		84BE5B052BEE200D00A8864C /* Frameworks */ = {
			isa = PBXFrameworksBuildPhase;
			buildActionMask = 2147483647;
			files = (
			);
			runOnlyForDeploymentPostprocessing = 0;
		};
/* End PBXFrameworksBuildPhase section */

/* Begin PBXGroup section */
		61AFBB0E2BEF081E00ECCF95 /* Core */ = {
			isa = PBXGroup;
			children = (
				61AFBB162BEF0A4800ECCF95 /* Favorites */,
				61AFBB152BEF0A3500ECCF95 /* Explore */,
				61AFBB142BEF0A2800ECCF95 /* Components */,
			);
			path = Core;
			sourceTree = "<group>";
		};
		61AFBB0F2BEF083500ECCF95 /* Models */ = {
			isa = PBXGroup;
			children = (
				61AFBB102BEF08DD00ECCF95 /* Car.swift */,
				61AFBB122BEF08F800ECCF95 /* Brand.swift */,
			);
			path = Models;
			sourceTree = "<group>";
		};
		61AFBB142BEF0A2800ECCF95 /* Components */ = {
			isa = PBXGroup;
			children = (
			);
			path = Components;
			sourceTree = "<group>";
		};
		61AFBB152BEF0A3500ECCF95 /* Explore */ = {
			isa = PBXGroup;
			children = (
			);
			path = Explore;
			sourceTree = "<group>";
		};
		61AFBB162BEF0A4800ECCF95 /* Favorites */ = {
			isa = PBXGroup;
			children = (
			);
			path = Favorites;
			sourceTree = "<group>";
		};
		84BE5AE52BEE200A00A8864C = {
			isa = PBXGroup;
			children = (
				84BE5AF02BEE200A00A8864C /* IOS Assignment 3 */,
				84BE5B012BEE200D00A8864C /* IOS Assignment 3Tests */,
				84BE5B0B2BEE200D00A8864C /* IOS Assignment 3UITests */,
				84BE5AEF2BEE200A00A8864C /* Products */,
			);
			sourceTree = "<group>";
		};
		84BE5AEF2BEE200A00A8864C /* Products */ = {
			isa = PBXGroup;
			children = (
				84BE5AEE2BEE200A00A8864C /* IOS Assignment 3.app */,
				84BE5AFE2BEE200D00A8864C /* IOS Assignment 3Tests.xctest */,
				84BE5B082BEE200D00A8864C /* IOS Assignment 3UITests.xctest */,
			);
			name = Products;
			sourceTree = "<group>";
		};
		84BE5AF02BEE200A00A8864C /* IOS Assignment 3 */ = {
			isa = PBXGroup;
			children = (
				84BE5AF12BEE200A00A8864C /* IOS_Assignment_3App.swift */,
				61AFBB0F2BEF083500ECCF95 /* Models */,
				61AFBB0E2BEF081E00ECCF95 /* Core */,
				84BE5AF32BEE200A00A8864C /* ContentView.swift */,
				84BE5B212BEF1F6900A8864C /* MainBarView.swift */,
				84BE5B232BEF1F9100A8864C /* MainPageView.swift */,
				844E2F3E2BEF637F00FE2C70 /* BrandsView.swift */,
				848D46232BF078EF00052452 /* BrandsCarView.swift */,
				848D46252BF0921B00052452 /* CarDetailedView.swift */,
				848D46292BF09B8100052452 /* CarListView.swift */,
				844E2F3A2BEF3C6700FE2C70 /* NavigationModifier.swift */,
				844E2F3C2BEF498500FE2C70 /* MainPageViewModel.swift */,
				84BE5AF52BEE200C00A8864C /* Assets.xcassets */,
				84BE5AF72BEE200C00A8864C /* Preview Content */,
			);
			path = "IOS Assignment 3";
			sourceTree = "<group>";
		};
		84BE5AF72BEE200C00A8864C /* Preview Content */ = {
			isa = PBXGroup;
			children = (
				84BE5AF82BEE200C00A8864C /* Preview Assets.xcassets */,
			);
			path = "Preview Content";
			sourceTree = "<group>";
		};
		84BE5B012BEE200D00A8864C /* IOS Assignment 3Tests */ = {
			isa = PBXGroup;
			children = (
				84BE5B022BEE200D00A8864C /* IOS_Assignment_3Tests.swift */,
			);
			path = "IOS Assignment 3Tests";
			sourceTree = "<group>";
		};
		84BE5B0B2BEE200D00A8864C /* IOS Assignment 3UITests */ = {
			isa = PBXGroup;
			children = (
				84BE5B0C2BEE200D00A8864C /* IOS_Assignment_3UITests.swift */,
				84BE5B0E2BEE200D00A8864C /* IOS_Assignment_3UITestsLaunchTests.swift */,
			);
			path = "IOS Assignment 3UITests";
			sourceTree = "<group>";
		};
/* End PBXGroup section */

/* Begin PBXNativeTarget section */
		84BE5AED2BEE200A00A8864C /* IOS Assignment 3 */ = {
			isa = PBXNativeTarget;
			buildConfigurationList = 84BE5B122BEE200D00A8864C /* Build configuration list for PBXNativeTarget "IOS Assignment 3" */;
			buildPhases = (
				84BE5AEA2BEE200A00A8864C /* Sources */,
				84BE5AEB2BEE200A00A8864C /* Frameworks */,
				84BE5AEC2BEE200A00A8864C /* Resources */,
			);
			buildRules = (
			);
			dependencies = (
			);
			name = "IOS Assignment 3";
			productName = "IOS Assignment 3";
			productReference = 84BE5AEE2BEE200A00A8864C /* IOS Assignment 3.app */;
			productType = "com.apple.product-type.application";
		};
		84BE5AFD2BEE200D00A8864C /* IOS Assignment 3Tests */ = {
			isa = PBXNativeTarget;
			buildConfigurationList = 84BE5B152BEE200D00A8864C /* Build configuration list for PBXNativeTarget "IOS Assignment 3Tests" */;
			buildPhases = (
				84BE5AFA2BEE200D00A8864C /* Sources */,
				84BE5AFB2BEE200D00A8864C /* Frameworks */,
				84BE5AFC2BEE200D00A8864C /* Resources */,
			);
			buildRules = (
			);
			dependencies = (
				84BE5B002BEE200D00A8864C /* PBXTargetDependency */,
			);
			name = "IOS Assignment 3Tests";
			productName = "IOS Assignment 3Tests";
			productReference = 84BE5AFE2BEE200D00A8864C /* IOS Assignment 3Tests.xctest */;
			productType = "com.apple.product-type.bundle.unit-test";
		};
		84BE5B072BEE200D00A8864C /* IOS Assignment 3UITests */ = {
			isa = PBXNativeTarget;
			buildConfigurationList = 84BE5B182BEE200D00A8864C /* Build configuration list for PBXNativeTarget "IOS Assignment 3UITests" */;
			buildPhases = (
				84BE5B042BEE200D00A8864C /* Sources */,
				84BE5B052BEE200D00A8864C /* Frameworks */,
				84BE5B062BEE200D00A8864C /* Resources */,
			);
			buildRules = (
			);
			dependencies = (
				84BE5B0A2BEE200D00A8864C /* PBXTargetDependency */,
			);
			name = "IOS Assignment 3UITests";
			productName = "IOS Assignment 3UITests";
			productReference = 84BE5B082BEE200D00A8864C /* IOS Assignment 3UITests.xctest */;
			productType = "com.apple.product-type.bundle.ui-testing";
		};
/* End PBXNativeTarget section */

/* Begin PBXProject section */
		84BE5AE62BEE200A00A8864C /* Project object */ = {
			isa = PBXProject;
			attributes = {
				BuildIndependentTargetsInParallel = 1;
				LastSwiftUpdateCheck = 1510;
				LastUpgradeCheck = 1510;
				TargetAttributes = {
					84BE5AED2BEE200A00A8864C = {
						CreatedOnToolsVersion = 15.1;
					};
					84BE5AFD2BEE200D00A8864C = {
						CreatedOnToolsVersion = 15.1;
						TestTargetID = 84BE5AED2BEE200A00A8864C;
					};
					84BE5B072BEE200D00A8864C = {
						CreatedOnToolsVersion = 15.1;
						TestTargetID = 84BE5AED2BEE200A00A8864C;
					};
				};
			};
			buildConfigurationList = 84BE5AE92BEE200A00A8864C /* Build configuration list for PBXProject "IOS Assignment 3" */;
			compatibilityVersion = "Xcode 14.0";
			developmentRegion = en;
			hasScannedForEncodings = 0;
			knownRegions = (
				en,
				Base,
			);
			mainGroup = 84BE5AE52BEE200A00A8864C;
			productRefGroup = 84BE5AEF2BEE200A00A8864C /* Products */;
			projectDirPath = "";
			projectRoot = "";
			targets = (
				84BE5AED2BEE200A00A8864C /* IOS Assignment 3 */,
				84BE5AFD2BEE200D00A8864C /* IOS Assignment 3Tests */,
				84BE5B072BEE200D00A8864C /* IOS Assignment 3UITests */,
			);
		};
/* End PBXProject section */

/* Begin PBXResourcesBuildPhase section */
		84BE5AEC2BEE200A00A8864C /* Resources */ = {
			isa = PBXResourcesBuildPhase;
			buildActionMask = 2147483647;
			files = (
				84BE5AF92BEE200C00A8864C /* Preview Assets.xcassets in Resources */,
				84BE5AF62BEE200C00A8864C /* Assets.xcassets in Resources */,
			);
			runOnlyForDeploymentPostprocessing = 0;
		};
		84BE5AFC2BEE200D00A8864C /* Resources */ = {
			isa = PBXResourcesBuildPhase;
			buildActionMask = 2147483647;
			files = (
			);
			runOnlyForDeploymentPostprocessing = 0;
		};
		84BE5B062BEE200D00A8864C /* Resources */ = {
			isa = PBXResourcesBuildPhase;
			buildActionMask = 2147483647;
			files = (
			);
			runOnlyForDeploymentPostprocessing = 0;
		};
/* End PBXResourcesBuildPhase section */

/* Begin PBXSourcesBuildPhase section */
		84BE5AEA2BEE200A00A8864C /* Sources */ = {
			isa = PBXSourcesBuildPhase;
			buildActionMask = 2147483647;
			files = (
				844E2F3D2BEF498500FE2C70 /* MainPageViewModel.swift in Sources */,
				84BE5AF42BEE200A00A8864C /* ContentView.swift in Sources */,
				61AFBB132BEF08F800ECCF95 /* Brand.swift in Sources */,
				848D46262BF0921B00052452 /* CarDetailedView.swift in Sources */,
				848D46242BF078EF00052452 /* BrandsCarView.swift in Sources */,
				848D462A2BF09B8100052452 /* CarListView.swift in Sources */,
				844E2F3B2BEF3C6700FE2C70 /* NavigationModifier.swift in Sources */,
				844E2F3F2BEF637F00FE2C70 /* BrandsView.swift in Sources */,
				84BE5B242BEF1F9100A8864C /* MainPageView.swift in Sources */,
				84BE5B222BEF1F6900A8864C /* MainBarView.swift in Sources */,
				84BE5AF22BEE200A00A8864C /* IOS_Assignment_3App.swift in Sources */,
				61AFBB112BEF08DD00ECCF95 /* Car.swift in Sources */,
			);
			runOnlyForDeploymentPostprocessing = 0;
		};
		84BE5AFA2BEE200D00A8864C /* Sources */ = {
			isa = PBXSourcesBuildPhase;
			buildActionMask = 2147483647;
			files = (
				84BE5B032BEE200D00A8864C /* IOS_Assignment_3Tests.swift in Sources */,
			);
			runOnlyForDeploymentPostprocessing = 0;
		};
		84BE5B042BEE200D00A8864C /* Sources */ = {
			isa = PBXSourcesBuildPhase;
			buildActionMask = 2147483647;
			files = (
				84BE5B0D2BEE200D00A8864C /* IOS_Assignment_3UITests.swift in Sources */,
				84BE5B0F2BEE200D00A8864C /* IOS_Assignment_3UITestsLaunchTests.swift in Sources */,
			);
			runOnlyForDeploymentPostprocessing = 0;
		};
/* End PBXSourcesBuildPhase section */

/* Begin PBXTargetDependency section */
		84BE5B002BEE200D00A8864C /* PBXTargetDependency */ = {
			isa = PBXTargetDependency;
			target = 84BE5AED2BEE200A00A8864C /* IOS Assignment 3 */;
			targetProxy = 84BE5AFF2BEE200D00A8864C /* PBXContainerItemProxy */;
		};
		84BE5B0A2BEE200D00A8864C /* PBXTargetDependency */ = {
			isa = PBXTargetDependency;
			target = 84BE5AED2BEE200A00A8864C /* IOS Assignment 3 */;
			targetProxy = 84BE5B092BEE200D00A8864C /* PBXContainerItemProxy */;
		};
/* End PBXTargetDependency section */

/* Begin XCBuildConfiguration section */
		84BE5B102BEE200D00A8864C /* Debug */ = {
			isa = XCBuildConfiguration;
			buildSettings = {
				ALWAYS_SEARCH_USER_PATHS = NO;
				ASSETCATALOG_COMPILER_GENERATE_SWIFT_ASSET_SYMBOL_EXTENSIONS = YES;
				CLANG_ANALYZER_NONNULL = YES;
				CLANG_ANALYZER_NUMBER_OBJECT_CONVERSION = YES_AGGRESSIVE;
				CLANG_CXX_LANGUAGE_STANDARD = "gnu++20";
				CLANG_ENABLE_MODULES = YES;
				CLANG_ENABLE_OBJC_ARC = YES;
				CLANG_ENABLE_OBJC_WEAK = YES;
				CLANG_WARN_BLOCK_CAPTURE_AUTORELEASING = YES;
				CLANG_WARN_BOOL_CONVERSION = YES;
				CLANG_WARN_COMMA = YES;
				CLANG_WARN_CONSTANT_CONVERSION = YES;
				CLANG_WARN_DEPRECATED_OBJC_IMPLEMENTATIONS = YES;
				CLANG_WARN_DIRECT_OBJC_ISA_USAGE = YES_ERROR;
				CLANG_WARN_DOCUMENTATION_COMMENTS = YES;
				CLANG_WARN_EMPTY_BODY = YES;
				CLANG_WARN_ENUM_CONVERSION = YES;
				CLANG_WARN_INFINITE_RECURSION = YES;
				CLANG_WARN_INT_CONVERSION = YES;
				CLANG_WARN_NON_LITERAL_NULL_CONVERSION = YES;
				CLANG_WARN_OBJC_IMPLICIT_RETAIN_SELF = YES;
				CLANG_WARN_OBJC_LITERAL_CONVERSION = YES;
				CLANG_WARN_OBJC_ROOT_CLASS = YES_ERROR;
				CLANG_WARN_QUOTED_INCLUDE_IN_FRAMEWORK_HEADER = YES;
				CLANG_WARN_RANGE_LOOP_ANALYSIS = YES;
				CLANG_WARN_STRICT_PROTOTYPES = YES;
				CLANG_WARN_SUSPICIOUS_MOVE = YES;
				CLANG_WARN_UNGUARDED_AVAILABILITY = YES_AGGRESSIVE;
				CLANG_WARN_UNREACHABLE_CODE = YES;
				CLANG_WARN__DUPLICATE_METHOD_MATCH = YES;
				COPY_PHASE_STRIP = NO;
				DEBUG_INFORMATION_FORMAT = dwarf;
				ENABLE_STRICT_OBJC_MSGSEND = YES;
				ENABLE_TESTABILITY = YES;
				ENABLE_USER_SCRIPT_SANDBOXING = YES;
				GCC_C_LANGUAGE_STANDARD = gnu17;
				GCC_DYNAMIC_NO_PIC = NO;
				GCC_NO_COMMON_BLOCKS = YES;
				GCC_OPTIMIZATION_LEVEL = 0;
				GCC_PREPROCESSOR_DEFINITIONS = (
					"DEBUG=1",
					"$(inherited)",
				);
				GCC_WARN_64_TO_32_BIT_CONVERSION = YES;
				GCC_WARN_ABOUT_RETURN_TYPE = YES_ERROR;
				GCC_WARN_UNDECLARED_SELECTOR = YES;
				GCC_WARN_UNINITIALIZED_AUTOS = YES_AGGRESSIVE;
				GCC_WARN_UNUSED_FUNCTION = YES;
				GCC_WARN_UNUSED_VARIABLE = YES;
				IPHONEOS_DEPLOYMENT_TARGET = 17.2;
				LOCALIZATION_PREFERS_STRING_CATALOGS = YES;
				MTL_ENABLE_DEBUG_INFO = INCLUDE_SOURCE;
				MTL_FAST_MATH = YES;
				ONLY_ACTIVE_ARCH = YES;
				SDKROOT = iphoneos;
				SWIFT_ACTIVE_COMPILATION_CONDITIONS = "DEBUG $(inherited)";
				SWIFT_OPTIMIZATION_LEVEL = "-Onone";
			};
			name = Debug;
		};
		84BE5B112BEE200D00A8864C /* Release */ = {
			isa = XCBuildConfiguration;
			buildSettings = {
				ALWAYS_SEARCH_USER_PATHS = NO;
				ASSETCATALOG_COMPILER_GENERATE_SWIFT_ASSET_SYMBOL_EXTENSIONS = YES;
				CLANG_ANALYZER_NONNULL = YES;
				CLANG_ANALYZER_NUMBER_OBJECT_CONVERSION = YES_AGGRESSIVE;
				CLANG_CXX_LANGUAGE_STANDARD = "gnu++20";
				CLANG_ENABLE_MODULES = YES;
				CLANG_ENABLE_OBJC_ARC = YES;
				CLANG_ENABLE_OBJC_WEAK = YES;
				CLANG_WARN_BLOCK_CAPTURE_AUTORELEASING = YES;
				CLANG_WARN_BOOL_CONVERSION = YES;
				CLANG_WARN_COMMA = YES;
				CLANG_WARN_CONSTANT_CONVERSION = YES;
				CLANG_WARN_DEPRECATED_OBJC_IMPLEMENTATIONS = YES;
				CLANG_WARN_DIRECT_OBJC_ISA_USAGE = YES_ERROR;
				CLANG_WARN_DOCUMENTATION_COMMENTS = YES;
				CLANG_WARN_EMPTY_BODY = YES;
				CLANG_WARN_ENUM_CONVERSION = YES;
				CLANG_WARN_INFINITE_RECURSION = YES;
				CLANG_WARN_INT_CONVERSION = YES;
				CLANG_WARN_NON_LITERAL_NULL_CONVERSION = YES;
				CLANG_WARN_OBJC_IMPLICIT_RETAIN_SELF = YES;
				CLANG_WARN_OBJC_LITERAL_CONVERSION = YES;
				CLANG_WARN_OBJC_ROOT_CLASS = YES_ERROR;
				CLANG_WARN_QUOTED_INCLUDE_IN_FRAMEWORK_HEADER = YES;
				CLANG_WARN_RANGE_LOOP_ANALYSIS = YES;
				CLANG_WARN_STRICT_PROTOTYPES = YES;
				CLANG_WARN_SUSPICIOUS_MOVE = YES;
				CLANG_WARN_UNGUARDED_AVAILABILITY = YES_AGGRESSIVE;
				CLANG_WARN_UNREACHABLE_CODE = YES;
				CLANG_WARN__DUPLICATE_METHOD_MATCH = YES;
				COPY_PHASE_STRIP = NO;
				DEBUG_INFORMATION_FORMAT = "dwarf-with-dsym";
				ENABLE_NS_ASSERTIONS = NO;
				ENABLE_STRICT_OBJC_MSGSEND = YES;
				ENABLE_USER_SCRIPT_SANDBOXING = YES;
				GCC_C_LANGUAGE_STANDARD = gnu17;
				GCC_NO_COMMON_BLOCKS = YES;
				GCC_WARN_64_TO_32_BIT_CONVERSION = YES;
				GCC_WARN_ABOUT_RETURN_TYPE = YES_ERROR;
				GCC_WARN_UNDECLARED_SELECTOR = YES;
				GCC_WARN_UNINITIALIZED_AUTOS = YES_AGGRESSIVE;
				GCC_WARN_UNUSED_FUNCTION = YES;
				GCC_WARN_UNUSED_VARIABLE = YES;
				IPHONEOS_DEPLOYMENT_TARGET = 17.2;
				LOCALIZATION_PREFERS_STRING_CATALOGS = YES;
				MTL_ENABLE_DEBUG_INFO = NO;
				MTL_FAST_MATH = YES;
				SDKROOT = iphoneos;
				SWIFT_COMPILATION_MODE = wholemodule;
				VALIDATE_PRODUCT = YES;
			};
			name = Release;
		};
		84BE5B132BEE200D00A8864C /* Debug */ = {
			isa = XCBuildConfiguration;
			buildSettings = {
				ASSETCATALOG_COMPILER_APPICON_NAME = AppIcon;
				ASSETCATALOG_COMPILER_GLOBAL_ACCENT_COLOR_NAME = AccentColor;
				CODE_SIGN_STYLE = Automatic;
				CURRENT_PROJECT_VERSION = 1;
				DEVELOPMENT_ASSET_PATHS = "\"IOS Assignment 3/Preview Content\"";
				ENABLE_PREVIEWS = YES;
				GENERATE_INFOPLIST_FILE = YES;
				INFOPLIST_KEY_UIApplicationSceneManifest_Generation = YES;
				INFOPLIST_KEY_UIApplicationSupportsIndirectInputEvents = YES;
				INFOPLIST_KEY_UILaunchScreen_Generation = YES;
				INFOPLIST_KEY_UISupportedInterfaceOrientations_iPad = "UIInterfaceOrientationPortrait UIInterfaceOrientationPortraitUpsideDown UIInterfaceOrientationLandscapeLeft UIInterfaceOrientationLandscapeRight";
				INFOPLIST_KEY_UISupportedInterfaceOrientations_iPhone = "UIInterfaceOrientationPortrait UIInterfaceOrientationLandscapeLeft UIInterfaceOrientationLandscapeRight";
				LD_RUNPATH_SEARCH_PATHS = (
					"$(inherited)",
					"@executable_path/Frameworks",
				);
				MARKETING_VERSION = 1.0;
				PRODUCT_BUNDLE_IDENTIFIER = "au.edu.uts.IOS-Assignment-3";
				PRODUCT_NAME = "$(TARGET_NAME)";
				SWIFT_EMIT_LOC_STRINGS = YES;
				SWIFT_VERSION = 5.0;
				TARGETED_DEVICE_FAMILY = "1,2";
			};
			name = Debug;
		};
		84BE5B142BEE200D00A8864C /* Release */ = {
			isa = XCBuildConfiguration;
			buildSettings = {
				ASSETCATALOG_COMPILER_APPICON_NAME = AppIcon;
				ASSETCATALOG_COMPILER_GLOBAL_ACCENT_COLOR_NAME = AccentColor;
				CODE_SIGN_STYLE = Automatic;
				CURRENT_PROJECT_VERSION = 1;
				DEVELOPMENT_ASSET_PATHS = "\"IOS Assignment 3/Preview Content\"";
				ENABLE_PREVIEWS = YES;
				GENERATE_INFOPLIST_FILE = YES;
				INFOPLIST_KEY_UIApplicationSceneManifest_Generation = YES;
				INFOPLIST_KEY_UIApplicationSupportsIndirectInputEvents = YES;
				INFOPLIST_KEY_UILaunchScreen_Generation = YES;
				INFOPLIST_KEY_UISupportedInterfaceOrientations_iPad = "UIInterfaceOrientationPortrait UIInterfaceOrientationPortraitUpsideDown UIInterfaceOrientationLandscapeLeft UIInterfaceOrientationLandscapeRight";
				INFOPLIST_KEY_UISupportedInterfaceOrientations_iPhone = "UIInterfaceOrientationPortrait UIInterfaceOrientationLandscapeLeft UIInterfaceOrientationLandscapeRight";
				LD_RUNPATH_SEARCH_PATHS = (
					"$(inherited)",
					"@executable_path/Frameworks",
				);
				MARKETING_VERSION = 1.0;
				PRODUCT_BUNDLE_IDENTIFIER = "au.edu.uts.IOS-Assignment-3";
				PRODUCT_NAME = "$(TARGET_NAME)";
				SWIFT_EMIT_LOC_STRINGS = YES;
				SWIFT_VERSION = 5.0;
				TARGETED_DEVICE_FAMILY = "1,2";
			};
			name = Release;
		};
		84BE5B162BEE200D00A8864C /* Debug */ = {
			isa = XCBuildConfiguration;
			buildSettings = {
				ALWAYS_EMBED_SWIFT_STANDARD_LIBRARIES = YES;
				BUNDLE_LOADER = "$(TEST_HOST)";
				CODE_SIGN_STYLE = Automatic;
				CURRENT_PROJECT_VERSION = 1;
				GENERATE_INFOPLIST_FILE = YES;
				IPHONEOS_DEPLOYMENT_TARGET = 17.2;
				MARKETING_VERSION = 1.0;
				PRODUCT_BUNDLE_IDENTIFIER = "au.edu.uts.IOS-Assignment-3Tests";
				PRODUCT_NAME = "$(TARGET_NAME)";
				SWIFT_EMIT_LOC_STRINGS = NO;
				SWIFT_VERSION = 5.0;
				TARGETED_DEVICE_FAMILY = "1,2";
				TEST_HOST = "$(BUILT_PRODUCTS_DIR)/IOS Assignment 3.app/$(BUNDLE_EXECUTABLE_FOLDER_PATH)/IOS Assignment 3";
			};
			name = Debug;
		};
		84BE5B172BEE200D00A8864C /* Release */ = {
			isa = XCBuildConfiguration;
			buildSettings = {
				ALWAYS_EMBED_SWIFT_STANDARD_LIBRARIES = YES;
				BUNDLE_LOADER = "$(TEST_HOST)";
				CODE_SIGN_STYLE = Automatic;
				CURRENT_PROJECT_VERSION = 1;
				GENERATE_INFOPLIST_FILE = YES;
				IPHONEOS_DEPLOYMENT_TARGET = 17.2;
				MARKETING_VERSION = 1.0;
				PRODUCT_BUNDLE_IDENTIFIER = "au.edu.uts.IOS-Assignment-3Tests";
				PRODUCT_NAME = "$(TARGET_NAME)";
				SWIFT_EMIT_LOC_STRINGS = NO;
				SWIFT_VERSION = 5.0;
				TARGETED_DEVICE_FAMILY = "1,2";
				TEST_HOST = "$(BUILT_PRODUCTS_DIR)/IOS Assignment 3.app/$(BUNDLE_EXECUTABLE_FOLDER_PATH)/IOS Assignment 3";
			};
			name = Release;
		};
		84BE5B192BEE200D00A8864C /* Debug */ = {
			isa = XCBuildConfiguration;
			buildSettings = {
				ALWAYS_EMBED_SWIFT_STANDARD_LIBRARIES = YES;
				CODE_SIGN_STYLE = Automatic;
				CURRENT_PROJECT_VERSION = 1;
				GENERATE_INFOPLIST_FILE = YES;
				MARKETING_VERSION = 1.0;
				PRODUCT_BUNDLE_IDENTIFIER = "au.edu.uts.IOS-Assignment-3UITests";
				PRODUCT_NAME = "$(TARGET_NAME)";
				SWIFT_EMIT_LOC_STRINGS = NO;
				SWIFT_VERSION = 5.0;
				TARGETED_DEVICE_FAMILY = "1,2";
				TEST_TARGET_NAME = "IOS Assignment 3";
			};
			name = Debug;
		};
		84BE5B1A2BEE200D00A8864C /* Release */ = {
			isa = XCBuildConfiguration;
			buildSettings = {
				ALWAYS_EMBED_SWIFT_STANDARD_LIBRARIES = YES;
				CODE_SIGN_STYLE = Automatic;
				CURRENT_PROJECT_VERSION = 1;
				GENERATE_INFOPLIST_FILE = YES;
				MARKETING_VERSION = 1.0;
				PRODUCT_BUNDLE_IDENTIFIER = "au.edu.uts.IOS-Assignment-3UITests";
				PRODUCT_NAME = "$(TARGET_NAME)";
				SWIFT_EMIT_LOC_STRINGS = NO;
				SWIFT_VERSION = 5.0;
				TARGETED_DEVICE_FAMILY = "1,2";
				TEST_TARGET_NAME = "IOS Assignment 3";
			};
			name = Release;
		};
/* End XCBuildConfiguration section */

/* Begin XCConfigurationList section */
		84BE5AE92BEE200A00A8864C /* Build configuration list for PBXProject "IOS Assignment 3" */ = {
			isa = XCConfigurationList;
			buildConfigurations = (
				84BE5B102BEE200D00A8864C /* Debug */,
				84BE5B112BEE200D00A8864C /* Release */,
			);
			defaultConfigurationIsVisible = 0;
			defaultConfigurationName = Release;
		};
		84BE5B122BEE200D00A8864C /* Build configuration list for PBXNativeTarget "IOS Assignment 3" */ = {
			isa = XCConfigurationList;
			buildConfigurations = (
				84BE5B132BEE200D00A8864C /* Debug */,
				84BE5B142BEE200D00A8864C /* Release */,
			);
			defaultConfigurationIsVisible = 0;
			defaultConfigurationName = Release;
		};
		84BE5B152BEE200D00A8864C /* Build configuration list for PBXNativeTarget "IOS Assignment 3Tests" */ = {
			isa = XCConfigurationList;
			buildConfigurations = (
				84BE5B162BEE200D00A8864C /* Debug */,
				84BE5B172BEE200D00A8864C /* Release */,
			);
			defaultConfigurationIsVisible = 0;
			defaultConfigurationName = Release;
		};
		84BE5B182BEE200D00A8864C /* Build configuration list for PBXNativeTarget "IOS Assignment 3UITests" */ = {
			isa = XCConfigurationList;
			buildConfigurations = (
				84BE5B192BEE200D00A8864C /* Debug */,
				84BE5B1A2BEE200D00A8864C /* Release */,
			);
			defaultConfigurationIsVisible = 0;
			defaultConfigurationName = Release;
		};
/* End XCConfigurationList section */
	};
	rootObject = 84BE5AE62BEE200A00A8864C /* Project object */;
}
